// !$*UTF8*$!
{
	archiveVersion = 1;
	classes = {
	};
	objectVersion = 46;
	objects = {

/* Begin PBXBuildFile section */
		031B780B1C78DB4100136C87 /* AppDelegate.swift in Sources */ = {isa = PBXBuildFile; fileRef = 031B780A1C78DB4100136C87 /* AppDelegate.swift */; };
		031B780D1C78DB4100136C87 /* ViewController.swift in Sources */ = {isa = PBXBuildFile; fileRef = 031B780C1C78DB4100136C87 /* ViewController.swift */; };
		031B78101C78DB4100136C87 /* Main.storyboard in Resources */ = {isa = PBXBuildFile; fileRef = 031B780E1C78DB4100136C87 /* Main.storyboard */; };
		031B78121C78DB4100136C87 /* Assets.xcassets in Resources */ = {isa = PBXBuildFile; fileRef = 031B78111C78DB4100136C87 /* Assets.xcassets */; };
		031B78151C78DB4100136C87 /* LaunchScreen.storyboard in Resources */ = {isa = PBXBuildFile; fileRef = 031B78131C78DB4100136C87 /* LaunchScreen.storyboard */; };
		031B781D1C78FCF500136C87 /* MicrosoftAzureMobile.framework in Frameworks */ = {isa = PBXBuildFile; fileRef = 031B781C1C78FCF500136C87 /* MicrosoftAzureMobile.framework */; };
		031B78261C7935EE00136C87 /* Azure Storage Client Library.framework in Frameworks */ = {isa = PBXBuildFile; fileRef = 031B78251C7935EE00136C87 /* Azure Storage Client Library.framework */; };
		031B78281C79365100136C87 /* libxml2.2.tbd in Frameworks */ = {isa = PBXBuildFile; fileRef = 031B78271C79365100136C87 /* libxml2.2.tbd */; };
		031B782A1C79909400136C87 /* OxfordViewController.swift in Sources */ = {isa = PBXBuildFile; fileRef = 031B78291C79909400136C87 /* OxfordViewController.swift */; };
		705ABED4EEFC54EA1D7FE6FC /* Pods.framework in Frameworks */ = {isa = PBXBuildFile; fileRef = A6459E70BC5CC01D88048763 /* Pods.framework */; };
/* End PBXBuildFile section */

/* Begin PBXFileReference section */
		031B78071C78DB4100136C87 /* rememberAll.app */ = {isa = PBXFileReference; explicitFileType = wrapper.application; includeInIndex = 0; path = rememberAll.app; sourceTree = BUILT_PRODUCTS_DIR; };
		031B780A1C78DB4100136C87 /* AppDelegate.swift */ = {isa = PBXFileReference; lastKnownFileType = sourcecode.swift; path = AppDelegate.swift; sourceTree = "<group>"; };
		031B780C1C78DB4100136C87 /* ViewController.swift */ = {isa = PBXFileReference; lastKnownFileType = sourcecode.swift; path = ViewController.swift; sourceTree = "<group>"; };
		031B780F1C78DB4100136C87 /* Base */ = {isa = PBXFileReference; lastKnownFileType = file.storyboard; name = Base; path = Base.lproj/Main.storyboard; sourceTree = "<group>"; };
		031B78111C78DB4100136C87 /* Assets.xcassets */ = {isa = PBXFileReference; lastKnownFileType = folder.assetcatalog; path = Assets.xcassets; sourceTree = "<group>"; };
		031B78141C78DB4100136C87 /* Base */ = {isa = PBXFileReference; lastKnownFileType = file.storyboard; name = Base; path = Base.lproj/LaunchScreen.storyboard; sourceTree = "<group>"; };
		031B78161C78DB4100136C87 /* Info.plist */ = {isa = PBXFileReference; lastKnownFileType = text.plist.xml; path = Info.plist; sourceTree = "<group>"; };
		031B781C1C78FCF500136C87 /* MicrosoftAzureMobile.framework */ = {isa = PBXFileReference; lastKnownFileType = wrapper.framework; path = MicrosoftAzureMobile.framework; sourceTree = "<group>"; };
		031B78201C79000700136C87 /* rememberAll-Bridging-Header.h */ = {isa = PBXFileReference; fileEncoding = 4; lastKnownFileType = sourcecode.c.h; path = "rememberAll-Bridging-Header.h"; sourceTree = "<group>"; };
		031B78251C7935EE00136C87 /* Azure Storage Client Library.framework */ = {isa = PBXFileReference; lastKnownFileType = wrapper.framework; path = "Azure Storage Client Library.framework"; sourceTree = "<group>"; };
		031B78271C79365100136C87 /* libxml2.2.tbd */ = {isa = PBXFileReference; lastKnownFileType = "sourcecode.text-based-dylib-definition"; name = libxml2.2.tbd; path = usr/lib/libxml2.2.tbd; sourceTree = SDKROOT; };
		031B78291C79909400136C87 /* OxfordViewController.swift */ = {isa = PBXFileReference; fileEncoding = 4; lastKnownFileType = sourcecode.swift; path = OxfordViewController.swift; sourceTree = "<group>"; };
		12F4737480CEFABF17AE8EF5 /* Pods.release.xcconfig */ = {isa = PBXFileReference; includeInIndex = 1; lastKnownFileType = text.xcconfig; name = Pods.release.xcconfig; path = "Pods/Target Support Files/Pods/Pods.release.xcconfig"; sourceTree = "<group>"; };
		90DA21EA46C16697BE5F7946 /* Pods.debug.xcconfig */ = {isa = PBXFileReference; includeInIndex = 1; lastKnownFileType = text.xcconfig; name = Pods.debug.xcconfig; path = "Pods/Target Support Files/Pods/Pods.debug.xcconfig"; sourceTree = "<group>"; };
		A6459E70BC5CC01D88048763 /* Pods.framework */ = {isa = PBXFileReference; explicitFileType = wrapper.framework; includeInIndex = 0; path = Pods.framework; sourceTree = BUILT_PRODUCTS_DIR; };
/* End PBXFileReference section */

/* Begin PBXFrameworksBuildPhase section */
		031B78041C78DB4100136C87 /* Frameworks */ = {
			isa = PBXFrameworksBuildPhase;
			buildActionMask = 2147483647;
			files = (
				031B78281C79365100136C87 /* libxml2.2.tbd in Frameworks */,
				031B78261C7935EE00136C87 /* Azure Storage Client Library.framework in Frameworks */,
				031B781D1C78FCF500136C87 /* MicrosoftAzureMobile.framework in Frameworks */,
				705ABED4EEFC54EA1D7FE6FC /* Pods.framework in Frameworks */,
			);
			runOnlyForDeploymentPostprocessing = 0;
		};
/* End PBXFrameworksBuildPhase section */

/* Begin PBXGroup section */
		031B77FE1C78DB4100136C87 = {
			isa = PBXGroup;
			children = (
				031B78271C79365100136C87 /* libxml2.2.tbd */,
				031B78091C78DB4100136C87 /* rememberAll */,
				031B78081C78DB4100136C87 /* Products */,
				031B78251C7935EE00136C87 /* Azure Storage Client Library.framework */,
				031B781C1C78FCF500136C87 /* MicrosoftAzureMobile.framework */,
				CEE59A247B54DCE98BFA2B7A /* Pods */,
				29CEB3AC70B1D302D61DB016 /* Frameworks */,
			);
			sourceTree = "<group>";
		};
		031B78081C78DB4100136C87 /* Products */ = {
			isa = PBXGroup;
			children = (
				031B78071C78DB4100136C87 /* rememberAll.app */,
			);
			name = Products;
			sourceTree = "<group>";
		};
		031B78091C78DB4100136C87 /* rememberAll */ = {
			isa = PBXGroup;
			children = (
				031B78201C79000700136C87 /* rememberAll-Bridging-Header.h */,
				031B780A1C78DB4100136C87 /* AppDelegate.swift */,
				031B780C1C78DB4100136C87 /* ViewController.swift */,
				031B78291C79909400136C87 /* OxfordViewController.swift */,
				031B780E1C78DB4100136C87 /* Main.storyboard */,
				031B78111C78DB4100136C87 /* Assets.xcassets */,
				031B78131C78DB4100136C87 /* LaunchScreen.storyboard */,
				031B78161C78DB4100136C87 /* Info.plist */,
			);
			path = rememberAll;
			sourceTree = "<group>";
		};
		29CEB3AC70B1D302D61DB016 /* Frameworks */ = {
			isa = PBXGroup;
			children = (
				A6459E70BC5CC01D88048763 /* Pods.framework */,
			);
			name = Frameworks;
			sourceTree = "<group>";
		};
		CEE59A247B54DCE98BFA2B7A /* Pods */ = {
			isa = PBXGroup;
			children = (
				90DA21EA46C16697BE5F7946 /* Pods.debug.xcconfig */,
				12F4737480CEFABF17AE8EF5 /* Pods.release.xcconfig */,
			);
			name = Pods;
			sourceTree = "<group>";
		};
/* End PBXGroup section */

/* Begin PBXNativeTarget section */
		031B78061C78DB4100136C87 /* rememberAll */ = {
			isa = PBXNativeTarget;
			buildConfigurationList = 031B78191C78DB4100136C87 /* Build configuration list for PBXNativeTarget "rememberAll" */;
			buildPhases = (
				C0631961E4B353F82C2CE757 /* Check Pods Manifest.lock */,
				031B78031C78DB4100136C87 /* Sources */,
				031B78041C78DB4100136C87 /* Frameworks */,
				031B78051C78DB4100136C87 /* Resources */,
				584C42E43C3480824CB23449 /* Embed Pods Frameworks */,
				25FCC92B4D44341B0FDAE403 /* Copy Pods Resources */,
			);
			buildRules = (
			);
			dependencies = (
			);
			name = rememberAll;
			productName = rememberAll;
			productReference = 031B78071C78DB4100136C87 /* rememberAll.app */;
			productType = "com.apple.product-type.application";
		};
/* End PBXNativeTarget section */

/* Begin PBXProject section */
		031B77FF1C78DB4100136C87 /* Project object */ = {
			isa = PBXProject;
			attributes = {
				LastSwiftUpdateCheck = 0720;
				LastUpgradeCheck = 0720;
				ORGANIZATIONNAME = Belmont;
				TargetAttributes = {
					031B78061C78DB4100136C87 = {
						CreatedOnToolsVersion = 7.2.1;
						DevelopmentTeam = HZNQH22YQM;
					};
				};
			};
			buildConfigurationList = 031B78021C78DB4100136C87 /* Build configuration list for PBXProject "rememberAll" */;
			compatibilityVersion = "Xcode 3.2";
			developmentRegion = English;
			hasScannedForEncodings = 0;
			knownRegions = (
				en,
				Base,
			);
			mainGroup = 031B77FE1C78DB4100136C87;
			productRefGroup = 031B78081C78DB4100136C87 /* Products */;
			projectDirPath = "";
			projectRoot = "";
			targets = (
				031B78061C78DB4100136C87 /* rememberAll */,
			);
		};
/* End PBXProject section */

/* Begin PBXResourcesBuildPhase section */
		031B78051C78DB4100136C87 /* Resources */ = {
			isa = PBXResourcesBuildPhase;
			buildActionMask = 2147483647;
			files = (
				031B78151C78DB4100136C87 /* LaunchScreen.storyboard in Resources */,
				031B78121C78DB4100136C87 /* Assets.xcassets in Resources */,
				031B78101C78DB4100136C87 /* Main.storyboard in Resources */,
			);
			runOnlyForDeploymentPostprocessing = 0;
		};
/* End PBXResourcesBuildPhase section */

/* Begin PBXShellScriptBuildPhase section */
		25FCC92B4D44341B0FDAE403 /* Copy Pods Resources */ = {
			isa = PBXShellScriptBuildPhase;
			buildActionMask = 2147483647;
			files = (
			);
			inputPaths = (
			);
			name = "Copy Pods Resources";
			outputPaths = (
			);
			runOnlyForDeploymentPostprocessing = 0;
			shellPath = /bin/sh;
			shellScript = "\"${SRCROOT}/Pods/Target Support Files/Pods/Pods-resources.sh\"\n";
			showEnvVarsInLog = 0;
		};
		584C42E43C3480824CB23449 /* Embed Pods Frameworks */ = {
			isa = PBXShellScriptBuildPhase;
			buildActionMask = 2147483647;
			files = (
			);
			inputPaths = (
			);
			name = "Embed Pods Frameworks";
			outputPaths = (
			);
			runOnlyForDeploymentPostprocessing = 0;
			shellPath = /bin/sh;
			shellScript = "\"${SRCROOT}/Pods/Target Support Files/Pods/Pods-frameworks.sh\"\n";
			showEnvVarsInLog = 0;
		};
		C0631961E4B353F82C2CE757 /* Check Pods Manifest.lock */ = {
			isa = PBXShellScriptBuildPhase;
			buildActionMask = 2147483647;
			files = (
			);
			inputPaths = (
			);
			name = "Check Pods Manifest.lock";
			outputPaths = (
			);
			runOnlyForDeploymentPostprocessing = 0;
			shellPath = /bin/sh;
			shellScript = "diff \"${PODS_ROOT}/../Podfile.lock\" \"${PODS_ROOT}/Manifest.lock\" > /dev/null\nif [[ $? != 0 ]] ; then\n    cat << EOM\nerror: The sandbox is not in sync with the Podfile.lock. Run 'pod install' or update your CocoaPods installation.\nEOM\n    exit 1\nfi\n";
			showEnvVarsInLog = 0;
		};
/* End PBXShellScriptBuildPhase section */

/* Begin PBXSourcesBuildPhase section */
		031B78031C78DB4100136C87 /* Sources */ = {
			isa = PBXSourcesBuildPhase;
			buildActionMask = 2147483647;
			files = (
				031B780D1C78DB4100136C87 /* ViewController.swift in Sources */,
				031B782A1C79909400136C87 /* OxfordViewController.swift in Sources */,
				031B780B1C78DB4100136C87 /* AppDelegate.swift in Sources */,
			);
			runOnlyForDeploymentPostprocessing = 0;
		};
/* End PBXSourcesBuildPhase section */

/* Begin PBXVariantGroup section */
		031B780E1C78DB4100136C87 /* Main.storyboard */ = {
			isa = PBXVariantGroup;
			children = (
				031B780F1C78DB4100136C87 /* Base */,
			);
			name = Main.storyboard;
			sourceTree = "<group>";
		};
		031B78131C78DB4100136C87 /* LaunchScreen.storyboard */ = {
			isa = PBXVariantGroup;
			children = (
				031B78141C78DB4100136C87 /* Base */,
			);
			name = LaunchScreen.storyboard;
			sourceTree = "<group>";
		};
/* End PBXVariantGroup section */

/* Begin XCBuildConfiguration section */
		031B78171C78DB4100136C87 /* Debug */ = {
			isa = XCBuildConfiguration;
			buildSettings = {
				ALWAYS_SEARCH_USER_PATHS = NO;
				CLANG_CXX_LANGUAGE_STANDARD = "gnu++0x";
				CLANG_CXX_LIBRARY = "libc++";
				CLANG_ENABLE_MODULES = YES;
				CLANG_ENABLE_OBJC_ARC = YES;
				CLANG_WARN_BOOL_CONVERSION = YES;
				CLANG_WARN_CONSTANT_CONVERSION = YES;
				CLANG_WARN_DIRECT_OBJC_ISA_USAGE = YES_ERROR;
				CLANG_WARN_EMPTY_BODY = YES;
				CLANG_WARN_ENUM_CONVERSION = YES;
				CLANG_WARN_INT_CONVERSION = YES;
				CLANG_WARN_OBJC_ROOT_CLASS = YES_ERROR;
				CLANG_WARN_UNREACHABLE_CODE = YES;
				CLANG_WARN__DUPLICATE_METHOD_MATCH = YES;
				"CODE_SIGN_IDENTITY[sdk=iphoneos*]" = "iPhone Developer";
				COPY_PHASE_STRIP = NO;
				DEBUG_INFORMATION_FORMAT = dwarf;
				ENABLE_STRICT_OBJC_MSGSEND = YES;
				ENABLE_TESTABILITY = YES;
				GCC_C_LANGUAGE_STANDARD = gnu99;
				GCC_DYNAMIC_NO_PIC = NO;
				GCC_NO_COMMON_BLOCKS = YES;
				GCC_OPTIMIZATION_LEVEL = 0;
				GCC_PREPROCESSOR_DEFINITIONS = (
					"DEBUG=1",
					"$(inherited)",
				);
				GCC_WARN_64_TO_32_BIT_CONVERSION = YES;
				GCC_WARN_ABOUT_RETURN_TYPE = YES_ERROR;
				GCC_WARN_UNDECLARED_SELECTOR = YES;
				GCC_WARN_UNINITIALIZED_AUTOS = YES_AGGRESSIVE;
				GCC_WARN_UNUSED_FUNCTION = YES;
				GCC_WARN_UNUSED_VARIABLE = YES;
				IPHONEOS_DEPLOYMENT_TARGET = 9.2;
				MTL_ENABLE_DEBUG_INFO = YES;
				ONLY_ACTIVE_ARCH = YES;
				SDKROOT = iphoneos;
				SWIFT_OPTIMIZATION_LEVEL = "-Onone";
			};
			name = Debug;
		};
		031B78181C78DB4100136C87 /* Release */ = {
			isa = XCBuildConfiguration;
			buildSettings = {
				ALWAYS_SEARCH_USER_PATHS = NO;
				CLANG_CXX_LANGUAGE_STANDARD = "gnu++0x";
				CLANG_CXX_LIBRARY = "libc++";
				CLANG_ENABLE_MODULES = YES;
				CLANG_ENABLE_OBJC_ARC = YES;
				CLANG_WARN_BOOL_CONVERSION = YES;
				CLANG_WARN_CONSTANT_CONVERSION = YES;
				CLANG_WARN_DIRECT_OBJC_ISA_USAGE = YES_ERROR;
				CLANG_WARN_EMPTY_BODY = YES;
				CLANG_WARN_ENUM_CONVERSION = YES;
				CLANG_WARN_INT_CONVERSION = YES;
				CLANG_WARN_OBJC_ROOT_CLASS = YES_ERROR;
				CLANG_WARN_UNREACHABLE_CODE = YES;
				CLANG_WARN__DUPLICATE_METHOD_MATCH = YES;
				"CODE_SIGN_IDENTITY[sdk=iphoneos*]" = "iPhone Developer";
				COPY_PHASE_STRIP = NO;
				DEBUG_INFORMATION_FORMAT = "dwarf-with-dsym";
				ENABLE_NS_ASSERTIONS = NO;
				ENABLE_STRICT_OBJC_MSGSEND = YES;
				GCC_C_LANGUAGE_STANDARD = gnu99;
				GCC_NO_COMMON_BLOCKS = YES;
				GCC_WARN_64_TO_32_BIT_CONVERSION = YES;
				GCC_WARN_ABOUT_RETURN_TYPE = YES_ERROR;
				GCC_WARN_UNDECLARED_SELECTOR = YES;
				GCC_WARN_UNINITIALIZED_AUTOS = YES_AGGRESSIVE;
				GCC_WARN_UNUSED_FUNCTION = YES;
				GCC_WARN_UNUSED_VARIABLE = YES;
				IPHONEOS_DEPLOYMENT_TARGET = 9.2;
				MTL_ENABLE_DEBUG_INFO = NO;
				SDKROOT = iphoneos;
				VALIDATE_PRODUCT = YES;
			};
			name = Release;
		};
		031B781A1C78DB4100136C87 /* Debug */ = {
			isa = XCBuildConfiguration;
			baseConfigurationReference = 90DA21EA46C16697BE5F7946 /* Pods.debug.xcconfig */;
			buildSettings = {
				ASSETCATALOG_COMPILER_APPICON_NAME = AppIcon;
				FRAMEWORK_SEARCH_PATHS = (
					"$(inherited)",
					"$(PROJECT_DIR)",
				);
				INFOPLIST_FILE = rememberAll/Info.plist;
				LD_RUNPATH_SEARCH_PATHS = "$(inherited) @executable_path/Frameworks";
				PRODUCT_BUNDLE_IDENTIFIER = com.Belmont.rememberAll;
				PRODUCT_NAME = "$(TARGET_NAME)";
				SWIFT_OBJC_BRIDGING_HEADER = "rememberAll/rememberAll-Bridging-Header.h";
			};
			name = Debug;
		};
		031B781B1C78DB4100136C87 /* Release */ = {
			isa = XCBuildConfiguration;
			baseConfigurationReference = 12F4737480CEFABF17AE8EF5 /* Pods.release.xcconfig */;
			buildSettings = {
				ASSETCATALOG_COMPILER_APPICON_NAME = AppIcon;
				FRAMEWORK_SEARCH_PATHS = (
					"$(inherited)",
					"$(PROJECT_DIR)",
				);
				INFOPLIST_FILE = rememberAll/Info.plist;
				LD_RUNPATH_SEARCH_PATHS = "$(inherited) @executable_path/Frameworks";
				PRODUCT_BUNDLE_IDENTIFIER = com.Belmont.rememberAll;
				PRODUCT_NAME = "$(TARGET_NAME)";
				SWIFT_OBJC_BRIDGING_HEADER = "rememberAll/rememberAll-Bridging-Header.h";
			};
			name = Release;
		};
/* End XCBuildConfiguration section */

/* Begin XCConfigurationList section */
		031B78021C78DB4100136C87 /* Build configuration list for PBXProject "rememberAll" */ = {
			isa = XCConfigurationList;
			buildConfigurations = (
				031B78171C78DB4100136C87 /* Debug */,
				031B78181C78DB4100136C87 /* Release */,
			);
			defaultConfigurationIsVisible = 0;
			defaultConfigurationName = Release;
		};
		031B78191C78DB4100136C87 /* Build configuration list for PBXNativeTarget "rememberAll" */ = {
			isa = XCConfigurationList;
			buildConfigurations = (
				031B781A1C78DB4100136C87 /* Debug */,
				031B781B1C78DB4100136C87 /* Release */,
			);
			defaultConfigurationIsVisible = 0;
			defaultConfigurationName = Release;
		};
/* End XCConfigurationList section */
	};
	rootObject = 031B77FF1C78DB4100136C87 /* Project object */;
}
